
Microsoft Visual Studio Solution File, Format Version 12.00
# Visual Studio Version 17
VisualStudioVersion = 17.12.35707.178 d17.12
MinimumVisualStudioVersion = 10.0.40219.1
Project("{FAE04EC0-301F-11D3-BF4B-00C04F79EFBC}") = "EcpiWebAPI", "EcpiWebAPI\EcpiWebAPI.csproj", "{71516701-51A5-4CD2-BBF6-04371463DACF}"
EndProject
Global
	GlobalSection(SolutionConfigurationPlatforms) = preSolution
		Debug|Any CPU = Debug|Any CPU
		Release|Any CPU = Release|Any CPU
	EndGlobalSection
	GlobalSection(ProjectConfigurationPlatforms) = postSolution
		{71516701-51A5-4CD2-BBF6-04371463DACF}.Debug|Any CPU.ActiveCfg = Debug|Any CPU
		{71516701-51A5-4CD2-BBF6-04371463DACF}.Debug|Any CPU.Build.0 = Debug|Any CPU
		{71516701-51A5-4CD2-BBF6-04371463DACF}.Release|Any CPU.ActiveCfg = Release|Any CPU
		{71516701-51A5-4CD2-BBF6-04371463DACF}.Release|Any CPU.Build.0 = Release|Any CPU
	EndGlobalSection
	GlobalSection(SolutionProperties) = preSolution
		HideSolutionNode = FALSE
	EndGlobalSection
EndGlobal
